
Microsoft Visual Studio Solution File, Format Version 12.00
# Visual Studio Version 16
VisualStudioVersion = 16.0.30907.101
MinimumVisualStudioVersion = 10.0.40219.1
Project("{FAE04EC0-301F-11D3-BF4B-00C04F79EFBC}") = "TrafficGameCore", "TrafficGameCore\TrafficGameCore.csproj", "{3D9449D1-0E54-4D07-A17F-5DA7757AC88B}"
EndProject
Project("{9A19103F-16F7-4668-BE54-9A1E7A4F7556}") = "TrafficGameNUnitTest", "TrafficGameNUnitTest\TrafficGameNUnitTest.csproj", "{45F19736-6729-474E-B726-B7548EE0DE4D}"
EndProject
Project("{FAE04EC0-301F-11D3-BF4B-00C04F79EFBC}") = "TrafficGameForms", "TrafficGameForms\TrafficGameForms.csproj", "{9FA8AB2F-986E-4B24-BF62-6215E78991BF}"
EndProject
Global
	GlobalSection(SolutionConfigurationPlatforms) = preSolution
		Debug|Any CPU = Debug|Any CPU
		Release|Any CPU = Release|Any CPU
	EndGlobalSection
	GlobalSection(ProjectConfigurationPlatforms) = postSolution
		{3D9449D1-0E54-4D07-A17F-5DA7757AC88B}.Debug|Any CPU.ActiveCfg = Debug|Any CPU
		{3D9449D1-0E54-4D07-A17F-5DA7757AC88B}.Debug|Any CPU.Build.0 = Debug|Any CPU
		{3D9449D1-0E54-4D07-A17F-5DA7757AC88B}.Release|Any CPU.ActiveCfg = Release|Any CPU
		{3D9449D1-0E54-4D07-A17F-5DA7757AC88B}.Release|Any CPU.Build.0 = Release|Any CPU
		{45F19736-6729-474E-B726-B7548EE0DE4D}.Debug|Any CPU.ActiveCfg = Debug|Any CPU
		{45F19736-6729-474E-B726-B7548EE0DE4D}.Debug|Any CPU.Build.0 = Debug|Any CPU
		{45F19736-6729-474E-B726-B7548EE0DE4D}.Release|Any CPU.ActiveCfg = Release|Any CPU
		{45F19736-6729-474E-B726-B7548EE0DE4D}.Release|Any CPU.Build.0 = Release|Any CPU
		{9FA8AB2F-986E-4B24-BF62-6215E78991BF}.Debug|Any CPU.ActiveCfg = Debug|Any CPU
		{9FA8AB2F-986E-4B24-BF62-6215E78991BF}.Debug|Any CPU.Build.0 = Debug|Any CPU
		{9FA8AB2F-986E-4B24-BF62-6215E78991BF}.Release|Any CPU.ActiveCfg = Release|Any CPU
		{9FA8AB2F-986E-4B24-BF62-6215E78991BF}.Release|Any CPU.Build.0 = Release|Any CPU
	EndGlobalSection
	GlobalSection(SolutionProperties) = preSolution
		HideSolutionNode = FALSE
	EndGlobalSection
	GlobalSection(ExtensibilityGlobals) = postSolution
		SolutionGuid = {9586E5B1-5700-4761-9AB9-EF71A561DD5F}
	EndGlobalSection
EndGlobal
